{
  "nodes": {
    "ags": {
      "inputs": {
        "astal": "astal",
        "nixpkgs": [
          "kiwi",
          "nixpkgs"
        ]
      },
      "locked": {
        "lastModified": 1775689345,
        "narHash": "sha256-tM3s7CX+tgxlYW0Sk3nzVThg2MHn08foIuMxABupxIs=",
        "owner": "aylur",
        "repo": "ags",
        "rev": "bbee2f18939f1ec7ff720e717cf305e73635628f",
        "type": "github"
      },
      "original": {
        "owner": "aylur",
        "repo": "ags",
        "type": "github"
      }
    },
    "astal": {
      "inputs": {
        "nixpkgs": [
          "kiwi",
          "ags",
          "nixpkgs"
        ]
      },
      "locked": {
        "lastModified": 1773914523,
        "narHash": "sha256-GOL+bR30FPImAzy4NNsTMY1gpoINMsLTXR0WJBRSq30=",
        "owner": "aylur",
        "repo": "astal",
        "rev": "41b50290c6a1cdce7b482897c22fe49286912b9a",
        "type": "github"
      },
      "original": {
        "owner": "aylur",
        "repo": "astal",
        "type": "github"
      }
    },
    "astal-latest": {
      "inputs": {
        "nixpkgs": [
          "kiwi",
          "nixpkgs"
        ]
      },
      "locked": {
        "lastModified": 1783119102,
        "narHash": "sha256-bXd034/ARs18ZQ7hWUAw9NwyfBmcKQws8DQHzwYp6jM=",
        "owner": "aylur",
        "repo": "astal",
        "rev": "04454c22094401cc8e682cfe1f8ecc3194cac5f9",
        "type": "github"
      },
      "original": {
        "owner": "aylur",
        "repo": "astal",
        "type": "github"
      }
    },
    "claude-code-nix": {
      "inputs": {
        "flake-utils": "flake-utils",
        "nixpkgs": [
          "nixpkgs"
        ]
      },
      "locked": {
        "lastModified": 1785285785,
        "narHash": "sha256-r1cMlvXjRVKe+uQ/GKwy4TpionpmbNgksFP2758D/MM=",
        "owner": "sadjow",
        "repo": "claude-code-nix",
        "rev": "da78262708d858861afbe1f68ea65fedda4054c4",
        "type": "github"
      },
      "original": {
        "owner": "sadjow",
        "repo": "claude-code-nix",
        "type": "github"
      }
    },
    "claude-desktop-bin": {
      "inputs": {
        "upstream": "upstream"
      },
      "locked": {
        "lastModified": 1785412079,
        "narHash": "sha256-BxTUNq99pLhXQnpHn12qns3wojka78x5o+o5qkcLLuE=",
        "owner": "patrickjaja",
        "repo": "claude-desktop-bin",
        "rev": "0897cd7b6ed08a1e3774a92e5ad31beed52ceb21",
        "type": "github"
      },
      "original": {
        "owner": "patrickjaja",
        "repo": "claude-desktop-bin",
        "type": "github"
      }
    },
    "flake-utils": {
      "inputs": {
        "systems": "systems"
      },
      "locked": {
        "lastModified": 1731533236,
        "narHash": "sha256-l0KFg5HjrsfsO/JpG+r7fRrqm12kzFHyUHqHCVpMMbI=",
        "owner": "numtide",
        "repo": "flake-utils",
        "rev": "11707dc2f618dd54ca8739b309ec4fc024de578b",
        "type": "github"
      },
      "original": {
        "owner": "numtide",
        "repo": "flake-utils",
        "type": "github"
      }
    },
    "flake-utils_2": {
      "inputs": {
        "systems": "systems_2"
      },
      "locked": {
        "lastModified": 1731533236,
        "narHash": "sha256-l0KFg5HjrsfsO/JpG+r7fRrqm12kzFHyUHqHCVpMMbI=",
        "owner": "numtide",
        "repo": "flake-utils",
        "rev": "11707dc2f618dd54ca8739b309ec4fc024de578b",
        "type": "github"
      },
      "original": {
        "owner": "numtide",
        "repo": "flake-utils",
        "type": "github"
      }
    },
    "flake-utils_3": {
      "inputs": {
        "systems": "systems_3"
      },
      "locked": {
        "lastModified": 1731533236,
        "narHash": "sha256-l0KFg5HjrsfsO/JpG+r7fRrqm12kzFHyUHqHCVpMMbI=",
        "owner": "numtide",
        "repo": "flake-utils",
        "rev": "11707dc2f618dd54ca8739b309ec4fc024de578b",
        "type": "github"
      },
      "original": {
        "owner": "numtide",
        "repo": "flake-utils",
        "type": "github"
      }
    },
    "home-manager": {
      "inputs": {
        "nixpkgs": [
          "nixpkgs"
        ]
      },
      "locked": {
        "lastModified": 1785531816,
        "narHash": "sha256-vkMnV0JIyw+g/NmcfoajlGaAO+9a0ezia+FZohQJrik=",
        "owner": "nix-community",
        "repo": "home-manager",
        "rev": "bf9ce9fec78f95f374e8dd3b503863a3ec128ebe",
        "type": "github"
      },
      "original": {
        "owner": "nix-community",
        "repo": "home-manager",
        "type": "github"
      }
    },
    "kiwi": {
      "inputs": {
        "ags": "ags",
        "astal-latest": "astal-latest",
        "kiwi-settings": "kiwi-settings",
        "nixpkgs": [
          "nixpkgs"
        ]
      },
      "locked": {
        "lastModified": 1785459716,
        "narHash": "sha256-6cOfoZnE7jtaVkTQCsTrdePNA6sa8GDqycjHFNZxEKA=",
        "owner": "selimbucher",
        "repo": "kiwi-shell",
        "rev": "f497581148961f552f29c804787d156fdbfe3e00",
        "type": "github"
      },
      "original": {
        "owner": "selimbucher",
        "repo": "kiwi-shell",
        "type": "github"
      }
    },
    "kiwi-settings": {
      "inputs": {
        "nixpkgs": [
          "kiwi",
          "nixpkgs"
        ]
      },
      "locked": {
        "lastModified": 1783433963,
        "narHash": "sha256-tslq/NkCZ9xaAMDtGMOP8iGueMerZVfbiMwXSq3zXwk=",
        "owner": "selimbucher",
        "repo": "kiwi-settings",
        "rev": "648d989b3cce4b6770667d7512eaacd11533f9ce",
        "type": "github"
      },
      "original": {
        "owner": "selimbucher",
        "repo": "kiwi-settings",
        "type": "github"
      }
    },
    "native-instruments": {
      "inputs": {
        "nixpkgs": [
          "nixpkgs"
        ]
      },
      "locked": {
        "lastModified": 1785451014,
        "narHash": "sha256-yRrXpHV7ufqbq5P+MSCplV/oLECwiac4coqqUk+hEdQ=",
        "owner": "selimbucher",
        "repo": "native-instruments",
        "rev": "856d6656b484e663e9592286deca19cbccc799c2",
        "type": "github"
      },
      "original": {
        "owner": "selimbucher",
        "repo": "native-instruments",
        "type": "github"
      }
    },
    "nixpkgs": {
      "locked": {
        "lastModified": 1785692966,
        "narHash": "sha256-vUfIeBEfpbAfZ5zjgIkYk7eHBeVfCYVjLbWnMkseYnk=",
        "owner": "NixOS",
        "repo": "nixpkgs",
        "rev": "643809054d65fdd466a63e3155b8c498cb483c04",
        "type": "github"
      },
      "original": {
        "owner": "NixOS",
        "ref": "nixos-unstable",
        "repo": "nixpkgs",
        "type": "github"
      }
    },
    "nixpkgs-stable": {
      "locked": {
        "lastModified": 1767313136,
        "narHash": "sha256-16KkgfdYqjaeRGBaYsNrhPRRENs0qzkQVUooNHtoy2w=",
        "owner": "NixOS",
        "repo": "nixpkgs",
        "rev": "ac62194c3917d5f474c1a844b6fd6da2db95077d",
        "type": "github"
      },
      "original": {
        "owner": "NixOS",
        "ref": "nixos-25.05",
        "repo": "nixpkgs",
        "type": "github"
      }
    },
    "nixpkgs_2": {
      "locked": {
        "lastModified": 1785692966,
        "narHash": "sha256-vUfIeBEfpbAfZ5zjgIkYk7eHBeVfCYVjLbWnMkseYnk=",
        "owner": "NixOS",
        "repo": "nixpkgs",
        "rev": "643809054d65fdd466a63e3155b8c498cb483c04",
        "type": "github"
      },
      "original": {
        "owner": "NixOS",
        "ref": "nixos-unstable",
        "repo": "nixpkgs",
        "type": "github"
      }
    },
    "qylock": {
      "inputs": {
        "flake-utils": "flake-utils_3",
        "nixpkgs": [
          "nixpkgs"
        ]
      },
      "locked": {
        "lastModified": 1785237734,
        "narHash": "sha256-b8n7JH/hhQCAlFAi/IxPOm7rXsog++U0wuWnWeOiN5s=",
        "owner": "Darkkal44",
        "repo": "qylock",
        "rev": "c45eed24c0f9a3148a7d13081b28acc4d7874853",
        "type": "github"
      },
      "original": {
        "owner": "Darkkal44",
        "repo": "qylock",
        "type": "github"
      }
    },
    "root": {
      "inputs": {
        "claude-code-nix": "claude-code-nix",
        "claude-desktop-bin": "claude-desktop-bin",
        "home-manager": "home-manager",
        "kiwi": "kiwi",
        "native-instruments": "native-instruments",
        "nixpkgs": "nixpkgs_2",
        "nixpkgs-stable": "nixpkgs-stable",
        "qylock": "qylock",
        "secrets": "secrets",
        "selim-icons": "selim-icons",
        "whitesur-src": "whitesur-src_2"
      }
    },
    "secrets": {
      "locked": {
        "lastModified": 1785334388,
        "narHash": "sha256-J0F9SaLhuguVlRRpkZffxw40mgDDBH/EATq0aN6ArsY=",
        "ref": "refs/heads/main",
        "rev": "5c41c99fc7e25f3c7a975f3438427b11951b93c8",
        "revCount": 2,
        "type": "git",
        "url": "ssh://git@github.com/selimbucher/nixos-secrets"
      },
      "original": {
        "type": "git",
        "url": "ssh://git@github.com/selimbucher/nixos-secrets"
      }
    },
    "selim-icons": {
      "inputs": {
        "nixpkgs": [
          "nixpkgs"
        ],
        "whitesur-src": "whitesur-src"
      },
      "locked": {
        "lastModified": 1782388470,
        "narHash": "sha256-w1BdXA7a94kLIqyIt2cp+SYFzFPjwGCJpOqtdFOPW48=",
        "owner": "selimbucher",
        "repo": "WhiteSur-steam-icons",
        "rev": "dfb17b59c86e8f695c123612956aaab1b72d13bf",
        "type": "github"
      },
      "original": {
        "owner": "selimbucher",
        "repo": "WhiteSur-steam-icons",
        "type": "github"
      }
    },
    "systems": {
      "locked": {
        "lastModified": 1681028828,
        "narHash": "sha256-Vy1rq5AaRuLzOxct8nz4T6wlgyUR7zLU309k9mBC768=",
        "owner": "nix-systems",
        "repo": "default",
        "rev": "da67096a3b9bf56a91d16901293e51ba5b49a27e",
        "type": "github"
      },
      "original": {
        "owner": "nix-systems",
        "repo": "default",
        "type": "github"
      }
    },
    "systems_2": {
      "locked": {
        "lastModified": 1681028828,
        "narHash": "sha256-Vy1rq5AaRuLzOxct8nz4T6wlgyUR7zLU309k9mBC768=",
        "owner": "nix-systems",
        "repo": "default",
        "rev": "da67096a3b9bf56a91d16901293e51ba5b49a27e",
        "type": "github"
      },
      "original": {
        "owner": "nix-systems",
        "repo": "default",
        "type": "github"
      }
    },
    "systems_3": {
      "locked": {
        "lastModified": 1681028828,
        "narHash": "sha256-Vy1rq5AaRuLzOxct8nz4T6wlgyUR7zLU309k9mBC768=",
        "owner": "nix-systems",
        "repo": "default",
        "rev": "da67096a3b9bf56a91d16901293e51ba5b49a27e",
        "type": "github"
      },
      "original": {
        "owner": "nix-systems",
        "repo": "default",
        "type": "github"
      }
    },
    "upstream": {
      "inputs": {
        "flake-utils": "flake-utils_2",
        "nixpkgs": "nixpkgs"
      },
      "locked": {
        "lastModified": 1785778547,
        "narHash": "sha256-nI18XdKLq4yazrGHPOSYgHDyu/fwJehf+Zvz0ye2VTs=",
        "owner": "patrickjaja",
        "repo": "claude-desktop-extra",
        "rev": "31f71d2f8e664cab6e087b49a552c24f805d8cbb",
        "type": "github"
      },
      "original": {
        "owner": "patrickjaja",
        "repo": "claude-desktop-extra",
        "type": "github"
      }
    },
    "whitesur-src": {
      "flake": false,
      "locked": {
        "lastModified": 1766810369,
        "narHash": "sha256-5AWyuqREKpgBCXPplpkdrcInDTZfjVIm/JtTleOmaNY=",
        "owner": "vinceliuice",
        "repo": "WhiteSur-icon-theme",
        "rev": "bab5833b5cae200bccb786a2d3d6afa2201e7806",
        "type": "github"
      },
      "original": {
        "owner": "vinceliuice",
        "repo": "WhiteSur-icon-theme",
        "type": "github"
      }
    },
    "whitesur-src_2": {
      "flake": false,
      "locked": {
        "lastModified": 1785145898,
        "narHash": "sha256-0SEdQLSsE3F42yqVOLHWLFtUgIy78/ZrZqhZB7nJN0k=",
        "owner": "vinceliuice",
        "repo": "WhiteSur-icon-theme",
        "rev": "c5c8ee5588cf8640dbe25838fa62b43c81c45a33",
        "type": "github"
      },
      "original": {
        "owner": "vinceliuice",
        "repo": "WhiteSur-icon-theme",
        "type": "github"
      }
    }
  },
  "root": "root",
  "version": 7
}
